# THIS IS AN AUTOGENERATED FILE. DO NOT EDIT THIS FILE DIRECTLY.
# yarn lockfile v1


jsbn@^1.1.0:
  version "1.1.0"
  resolved "https://registry.yarnpkg.com/jsbn/-/jsbn-1.1.0.tgz#b01307cb29b618a1ed26ec79e911f803c4da0040"
  integrity sha1-sBMHyym2GKHtJux56RH4A8TaAEA=

sm-crypto@^0.1.0:
  version "0.1.0"
  resolved "https://registry.yarnpkg.com/sm-crypto/-/sm-crypto-0.1.0.tgz#21f7be7be21c68832b4d837cc439c6214065da90"
  integrity sha512-VYtTlgErrkqLWpzRrrhG1uOQh9QcydD8kUnS7quu0DlI219qa9eO8vQW2yBMK3cF/CkWsvOlcmIJfXZ2IB3Wdg==
  dependencies:
    jsbn "^1.1.0"

"taas@file:../../taas":
  version "1.0.0"
  dependencies:
    sm-crypto "^0.1.0"
