# THIS IS AN AUTOGENERATED FILE. DO NOT EDIT THIS FILE DIRECTLY.
# yarn lockfile v1


jsbn@^1.1.0:
  version "1.1.0"
  resolved "https://registry.yarnpkg.com/jsbn/-/jsbn-1.1.0.tgz#b01307cb29b618a1ed26ec79e911f803c4da0040"
  integrity sha1-sBMHyym2GKHtJux56RH4A8TaAEA=

miniprogram-taas-sdk@../../taas:
  version "1.4.2"
  dependencies:
    sm-crypto "^0.1.0"

sm-crypto@^0.1.0:
  version "0.1.1"
  resolved "https://registry.yarnpkg.com/sm-crypto/-/sm-crypto-0.1.1.tgz#ffad5416ef3622c40b3b881e4576595f8a8d42d6"
  integrity sha512-ZEGmiezOroDlLr6qUoB9ZCmA5jZRmsjuea+NtIJrSx47EnufVsqX6DEa+XRFFacRUZFSiW2CMMJe9bAvdp3R/A==
  dependencies:
    jsbn "^1.1.0"
